# THIS IS AN AUTOGENERATED FILE. DO NOT EDIT THIS FILE DIRECTLY.
# yarn lockfile v1


"@datalith/util@^0.12.0":
  version "0.12.0"
  resolved "https://registry.yarnpkg.com/@datalith/util/-/util-0.12.0.tgz#fcdaab83b57e2766cb68bf34095ea4b6a103f412"
  integrity sha512-G0JTTdGuwDY4qTLZb0QOsgXxjyoxUvTRar7lgtYVqIpkwJuoZTqu9AHxM3C5emov9wTGpsuuqvax96LoVrbClA==
  dependencies:
    lodash "^4.17.11"
    react-sizeme "^2.6.7"

"@types/d3-scale@^2.1.1":
  version "2.1.1"
  resolved "https://registry.yarnpkg.com/@types/d3-scale/-/d3-scale-2.1.1.tgz#405e58771ec6ae7b8f7b4178ee1887620759e8f7"
  integrity sha512-kNTkbZQ+N/Ip8oX9PByXfDLoCSaZYm+VUOasbmsa6KD850/ziMdYepg/8kLg2plHzoLANdMqPoYQbvExevLUHg==
  dependencies:
    "@types/d3-time" "*"

"@types/d3-time@*":
  version "1.0.10"
  resolved "https://registry.yarnpkg.com/@types/d3-time/-/d3-time-1.0.10.tgz#d338c7feac93a98a32aac875d1100f92c7b61f4f"
  integrity sha512-aKf62rRQafDQmSiv1NylKhIMmznsjRN+MnXRXTqHoqm0U/UZzVpdrtRnSIfdiLS616OuC1soYeX1dBg2n1u8Xw==

"@types/lodash@^4.14.123":
  version "4.14.134"
  resolved "https://registry.yarnpkg.com/@types/lodash/-/lodash-4.14.134.tgz#9032b440122db3a2a56200e91191996161dde5b9"
  integrity sha512-2/O0khFUCFeDlbi7sZ7ZFRCcT812fAeOLm7Ev4KbwASkZ575TDrDcY7YyaoHdTOzKcNbfiwLYZqPmoC4wadrsw==

"@types/prop-types@*":
  version "15.7.1"
  resolved "https://registry.yarnpkg.com/@types/prop-types/-/prop-types-15.7.1.tgz#f1a11e7babb0c3cad68100be381d1e064c68f1f6"
  integrity sha512-CFzn9idOEpHrgdw8JsoTkaDDyRWk1jrzIV8djzcgpq0y9tG4B4lFT+Nxh52DVpDXV+n4+NPNv7M1Dj5uMp6XFg==

"@types/react-tooltip@^3.9.2":
  version "3.9.2"
  resolved "https://registry.yarnpkg.com/@types/react-tooltip/-/react-tooltip-3.9.2.tgz#c46ee03cc8631ec1b130feef02af119dbe3639d2"
  integrity sha512-nw8yikdyULgQoZWSkMgjMVd7nnrjlnUJc4U8NtuxCmTIloEgQTJpI6O/KrWTBK8cNP67KZy/fGgjZ9rOQsdwBQ==
  dependencies:
    "@types/react" "*"

"@types/react@*":
  version "16.8.20"
  resolved "https://registry.yarnpkg.com/@types/react/-/react-16.8.20.tgz#4f633ecbd0a4d56d0ccc50fff6f9321bbcd7d583"
  integrity sha512-ZLmI+ubSJpfUIlQuULDDrdyuFQORBuGOvNnMue8HeA0GVrAJbWtZQhcBvnBPNRBI/GrfSfrKPFhthzC2SLEtLQ==
  dependencies:
    "@types/prop-types" "*"
    csstype "^2.2.0"

"@types/react@^16.8.5":
  version "16.9.13"
  resolved "https://registry.yarnpkg.com/@types/react/-/react-16.9.13.tgz#b3ea5dd443f4a680599e2abba8cc66f5e1ce0059"
  integrity sha512-LikzRslbiufJYHyzbHSW0GrAiff8QYLMBFeZmSxzCYGXKxi8m/1PHX+rsVOwhr7mJNq+VIu2Dhf7U6mjFERK6w==
  dependencies:
    "@types/prop-types" "*"
    csstype "^2.2.0"

batch-processor@1.0.0:
  version "1.0.0"
  resolved "https://registry.yarnpkg.com/batch-processor/-/batch-processor-1.0.0.tgz#75c95c32b748e0850d10c2b168f6bdbe9891ace8"
  integrity sha1-dclcMrdI4IUNEMKxaPa9vpiRrOg=

classnames@^2.2.5:
  version "2.2.6"
  resolved "https://registry.yarnpkg.com/classnames/-/classnames-2.2.6.tgz#43935bffdd291f326dad0a205309b38d00f650ce"
  integrity sha512-JR/iSQOSt+LQIWwrwEzJ9uk0xfN3mTVYMwt1Ir5mUcSN6pU+V4zQFFaJsclJbPuAUQH+yfWef6tm7l1quW3C8Q==

csstype@^2.2.0:
  version "2.6.5"
  resolved "https://registry.yarnpkg.com/csstype/-/csstype-2.6.5.tgz#1cd1dff742ebf4d7c991470ae71e12bb6751e034"
  integrity sha512-JsTaiksRsel5n7XwqPAfB0l3TFKdpjW/kgAELf9vrb5adGA7UCPLajKK5s3nFrcFm3Rkyp/Qkgl73ENc1UY3cA==

"d3-array@^1.2.0 || 2":
  version "2.2.0"
  resolved "https://registry.yarnpkg.com/d3-array/-/d3-array-2.2.0.tgz#a9e966b8f8d78f0888d98db1fb840fc8da8ac5c7"
  integrity sha512-eE0QmSh6xToqM3sxHiJYg/QFdNn52ZEgmFE8A8abU8GsHvsIOolqH8B70/8+VGAKm5MlwaExhqR3DLIjOJMLPA==

d3-color@1:
  version "1.2.3"
  resolved "https://registry.yarnpkg.com/d3-color/-/d3-color-1.2.3.tgz#6c67bb2af6df3cc8d79efcc4d3a3e83e28c8048f"
  integrity sha512-x37qq3ChOTLd26hnps36lexMRhNXEtVxZ4B25rL0DVdDsGQIJGB18S7y9XDwlDD6MD/ZBzITCf4JjGMM10TZkw==

d3-format@1:
  version "1.3.2"
  resolved "https://registry.yarnpkg.com/d3-format/-/d3-format-1.3.2.tgz#6a96b5e31bcb98122a30863f7d92365c00603562"
  integrity sha512-Z18Dprj96ExragQ0DeGi+SYPQ7pPfRMtUXtsg/ChVIKNBCzjO8XYJvRTC1usblx52lqge56V5ect+frYTQc8WQ==

d3-interpolate@1:
  version "1.3.2"
  resolved "https://registry.yarnpkg.com/d3-interpolate/-/d3-interpolate-1.3.2.tgz#417d3ebdeb4bc4efcc8fd4361c55e4040211fd68"
  integrity sha512-NlNKGopqaz9qM1PXh9gBF1KSCVh+jSFErrSlD/4hybwoNX/gt1d8CDbDW+3i+5UOHhjC6s6nMvRxcuoMVNgL2w==
  dependencies:
    d3-color "1"

d3-scale@^3.0.0:
  version "3.0.0"
  resolved "https://registry.yarnpkg.com/d3-scale/-/d3-scale-3.0.0.tgz#ddede1278ac3ea2bf3666de6ca625e20bed9b6c9"
  integrity sha512-ktic5HBFlAZj2CN8CCl/p/JyY8bMQluN7+fA6ICE6yyoMOnSQAZ1Bb8/5LcNpNKMBMJge+5Vv4pWJhARYlQYFw==
  dependencies:
    d3-array "^1.2.0 || 2"
    d3-format "1"
    d3-interpolate "1"
    d3-time "1"
    d3-time-format "2"

d3-time-format@2:
  version "2.1.3"
  resolved "https://registry.yarnpkg.com/d3-time-format/-/d3-time-format-2.1.3.tgz#ae06f8e0126a9d60d6364eac5b1533ae1bac826b"
  integrity sha512-6k0a2rZryzGm5Ihx+aFMuO1GgelgIz+7HhB4PH4OEndD5q2zGn1mDfRdNrulspOfR6JXkb2sThhDK41CSK85QA==
  dependencies:
    d3-time "1"

d3-time@1:
  version "1.0.11"
  resolved "https://registry.yarnpkg.com/d3-time/-/d3-time-1.0.11.tgz#1d831a3e25cd189eb256c17770a666368762bbce"
  integrity sha512-Z3wpvhPLW4vEScGeIMUckDW7+3hWKOQfAWg/U7PlWBnQmeKQ00gCUsTtWSYulrKNA7ta8hJ+xXc6MHrMuITwEw==

element-resize-detector@^1.2.1:
  version "1.2.2"
  resolved "https://registry.yarnpkg.com/element-resize-detector/-/element-resize-detector-1.2.2.tgz#bf7c3ff915957e4e62e86241ed2f9c86b078892b"
  integrity sha512-+LOXRkCJc4I5WhEJxIDjhmE3raF8jtOMBDqSCgZTMz2TX3oXAX5pE2+MDeopJlGdXzP7KzPbBJaUGfNaP9HG4A==
  dependencies:
    batch-processor "1.0.0"

invariant@^2.2.4:
  version "2.2.4"
  resolved "https://registry.yarnpkg.com/invariant/-/invariant-2.2.4.tgz#610f3c92c9359ce1db616e538008d23ff35158e6"
  integrity sha512-phJfQVBuaJM5raOpJjSfkiD6BpbCE4Ns//LaXl6wGYtUBY83nWS6Rf9tXm2e8VaK60JEjYldbPif/A2B1C2gNA==
  dependencies:
    loose-envify "^1.0.0"

"js-tokens@^3.0.0 || ^4.0.0":
  version "4.0.0"
  resolved "https://registry.yarnpkg.com/js-tokens/-/js-tokens-4.0.0.tgz#19203fb59991df98e3a287050d4647cdeaf32499"
  integrity sha512-RdJUflcE3cUzKiMqQgsCu06FPu9UdIJO0beYbPhHN4k6apgJtifcoCtT9bcxOpYBtpD2kCM6Sbzg4CausW/PKQ==

lodash@^4.17.11:
  version "4.17.19"
  resolved "https://registry.yarnpkg.com/lodash/-/lodash-4.17.19.tgz#e48ddedbe30b3321783c5b4301fbd353bc1e4a4b"
  integrity sha512-JNvd8XER9GQX0v2qJgsaN/mzFCNA5BRe/j8JN9d+tWyGLSodKQHKFicdwNYzWwI3wjRnaKPsGj1XkBjx/F96DQ==

loose-envify@^1.0.0, loose-envify@^1.1.0, loose-envify@^1.4.0:
  version "1.4.0"
  resolved "https://registry.yarnpkg.com/loose-envify/-/loose-envify-1.4.0.tgz#71ee51fa7be4caec1a63839f7e682d8132d30caf"
  integrity sha512-lyuxPGr/Wfhrlem2CL/UcnUc1zcqKAImBDzukY7Y5F/yQiNdko6+fRLevlw1HgMySw7f611UIY408EtxRSoK3Q==
  dependencies:
    js-tokens "^3.0.0 || ^4.0.0"

object-assign@^4.1.1:
  version "4.1.1"
  resolved "https://registry.yarnpkg.com/object-assign/-/object-assign-4.1.1.tgz#2109adc7965887cfc05cbbd442cac8bfbb360863"
  integrity sha1-IQmtx5ZYh8/AXLvUQsrIv7s2CGM=

performance-now@^2.1.0:
  version "2.1.0"
  resolved "https://registry.yarnpkg.com/performance-now/-/performance-now-2.1.0.tgz#6309f4e0e5fa913ec1c69307ae364b4b377c9e7b"
  integrity sha1-Ywn04OX6kT7BxpMHrjZLSzd8nns=

prop-types@^15.6.0, prop-types@^15.6.2:
  version "15.7.2"
  resolved "https://registry.yarnpkg.com/prop-types/-/prop-types-15.7.2.tgz#52c41e75b8c87e72b9d9360e0206b99dcbffa6c5"
  integrity sha512-8QQikdH7//R2vurIJSutZ1smHYTcLpRWEOlHnzcWHmBYrOGUysKwSsrC89BCiFj3CbrfJ/nXFdJepOVrY1GCHQ==
  dependencies:
    loose-envify "^1.4.0"
    object-assign "^4.1.1"
    react-is "^16.8.1"

raf@^3.4.1:
  version "3.4.1"
  resolved "https://registry.yarnpkg.com/raf/-/raf-3.4.1.tgz#0742e99a4a6552f445d73e3ee0328af0ff1ede39"
  integrity sha512-Sq4CW4QhwOHE8ucn6J34MqtZCeWFP2aQSmrlroYgqAV1PjStIhJXxYuTgUIfkEk7zTLjmIjLmU5q+fbD1NnOJA==
  dependencies:
    performance-now "^2.1.0"

react-dom@^16.8.5:
  version "16.8.6"
  resolved "https://registry.yarnpkg.com/react-dom/-/react-dom-16.8.6.tgz#71d6303f631e8b0097f56165ef608f051ff6e10f"
  integrity sha512-1nL7PIq9LTL3fthPqwkvr2zY7phIPjYrT0jp4HjyEQrEROnw4dG41VVwi/wfoCneoleqrNX7iAD+pXebJZwrwA==
  dependencies:
    loose-envify "^1.1.0"
    object-assign "^4.1.1"
    prop-types "^15.6.2"
    scheduler "^0.13.6"

react-is@^16.8.1, react-is@^16.8.6:
  version "16.8.6"
  resolved "https://registry.yarnpkg.com/react-is/-/react-is-16.8.6.tgz#5bbc1e2d29141c9fbdfed456343fe2bc430a6a16"
  integrity sha512-aUk3bHfZ2bRSVFFbbeVS4i+lNPZr3/WM5jT2J5omUVV1zzcs1nAaf3l51ctA5FFvCRbhrH0bdAsRRQddFJZPtA==

react-sizeme@^2.6.7:
  version "2.6.12"
  resolved "https://registry.yarnpkg.com/react-sizeme/-/react-sizeme-2.6.12.tgz#ed207be5476f4a85bf364e92042520499455453e"
  integrity sha512-tL4sCgfmvapYRZ1FO2VmBmjPVzzqgHA7kI8lSJ6JS6L78jXFNRdOZFpXyK6P1NBZvKPPCZxReNgzZNUajAerZw==
  dependencies:
    element-resize-detector "^1.2.1"
    invariant "^2.2.4"
    shallowequal "^1.1.0"
    throttle-debounce "^2.1.0"

react-test-renderer@^16.8.5:
  version "16.8.6"
  resolved "https://registry.yarnpkg.com/react-test-renderer/-/react-test-renderer-16.8.6.tgz#188d8029b8c39c786f998aa3efd3ffe7642d5ba1"
  integrity sha512-H2srzU5IWYT6cZXof6AhUcx/wEyJddQ8l7cLM/F7gDXYyPr4oq+vCIxJYXVGhId1J706sqziAjuOEjyNkfgoEw==
  dependencies:
    object-assign "^4.1.1"
    prop-types "^15.6.2"
    react-is "^16.8.6"
    scheduler "^0.13.6"

react-tooltip@^3.10.0:
  version "3.10.0"
  resolved "https://registry.yarnpkg.com/react-tooltip/-/react-tooltip-3.10.0.tgz#268b5ef519fd8a1369288d1f086f42c90d5da7ef"
  integrity sha512-GGdxJvM1zSFztkTP7gCQbLTstWr1OOoMpJ5WZUGhimj0nhRY+MPz+92MpEnKmj0cftJ9Pd/M6FfSl0sfzmZWkg==
  dependencies:
    classnames "^2.2.5"
    prop-types "^15.6.0"

react@^16.8.5:
  version "16.8.6"
  resolved "https://registry.yarnpkg.com/react/-/react-16.8.6.tgz#ad6c3a9614fd3a4e9ef51117f54d888da01f2bbe"
  integrity sha512-pC0uMkhLaHm11ZSJULfOBqV4tIZkx87ZLvbbQYunNixAAvjnC+snJCg0XQXn9VIsttVsbZP/H/ewzgsd5fxKXw==
  dependencies:
    loose-envify "^1.1.0"
    object-assign "^4.1.1"
    prop-types "^15.6.2"
    scheduler "^0.13.6"

scheduler@^0.13.6:
  version "0.13.6"
  resolved "https://registry.yarnpkg.com/scheduler/-/scheduler-0.13.6.tgz#466a4ec332467b31a91b9bf74e5347072e4cd889"
  integrity sha512-IWnObHt413ucAYKsD9J1QShUKkbKLQQHdxRyw73sw4FN26iWr3DY/H34xGPe4nmL1DwXyWmSWmMrA9TfQbE/XQ==
  dependencies:
    loose-envify "^1.1.0"
    object-assign "^4.1.1"

shallowequal@^1.1.0:
  version "1.1.0"
  resolved "https://registry.yarnpkg.com/shallowequal/-/shallowequal-1.1.0.tgz#188d521de95b9087404fd4dcb68b13df0ae4e7f8"
  integrity sha512-y0m1JoUZSlPAjXVtPPW70aZWfIL/dSP7AFkRnniLCrK/8MDKog3TySTBmckD+RObVxH0v4Tox67+F14PdED2oQ==

throttle-debounce@^2.1.0:
  version "2.3.0"
  resolved "https://registry.yarnpkg.com/throttle-debounce/-/throttle-debounce-2.3.0.tgz#fd31865e66502071e411817e241465b3e9c372e2"
  integrity sha512-H7oLPV0P7+jgvrk+6mwwwBDmxTaxnu9HMXmloNLXwnNO0ZxZ31Orah2n8lU1eMPvsaowP2CX+USCgyovXfdOFQ==

typescript@^4.2.4:
  version "4.2.4"
  resolved "https://registry.yarnpkg.com/typescript/-/typescript-4.2.4.tgz#8610b59747de028fda898a8aef0e103f156d0961"
  integrity sha512-V+evlYHZnQkaz8TRBuxTA92yZBPotr5H+WhQ7bD3hZUndx5tGOa1fuCgeSjxAzM1RiN5IzvadIXTVefuuwZCRg==
